// !$*UTF8*$!
{
	archiveVersion = 1;
	classes = {
	};
	objectVersion = 46;
	objects = {

/* Begin PBXBuildFile section */
		4400874C1D2F973F0074372C /* AppDelegate.swift in Sources */ = {isa = PBXBuildFile; fileRef = 4400874B1D2F973F0074372C /* AppDelegate.swift */; };
		4400874E1D2F973F0074372C /* ViewController.swift in Sources */ = {isa = PBXBuildFile; fileRef = 4400874D1D2F973F0074372C /* ViewController.swift */; };
		440087511D2F973F0074372C /* Main.storyboard in Resources */ = {isa = PBXBuildFile; fileRef = 4400874F1D2F973F0074372C /* Main.storyboard */; };
		440087531D2F973F0074372C /* Assets.xcassets in Resources */ = {isa = PBXBuildFile; fileRef = 440087521D2F973F0074372C /* Assets.xcassets */; };
		440087561D2F973F0074372C /* LaunchScreen.storyboard in Resources */ = {isa = PBXBuildFile; fileRef = 440087541D2F973F0074372C /* LaunchScreen.storyboard */; };
		440087611D2F973F0074372C /* NBToastViewTests.swift in Sources */ = {isa = PBXBuildFile; fileRef = 440087601D2F973F0074372C /* NBToastViewTests.swift */; };
		4400876C1D2F973F0074372C /* NBToastViewUITests.swift in Sources */ = {isa = PBXBuildFile; fileRef = 4400876B1D2F973F0074372C /* NBToastViewUITests.swift */; };
		4400877B1D2F97630074372C /* NBToastView.swift in Sources */ = {isa = PBXBuildFile; fileRef = 4400877A1D2F97630074372C /* NBToastView.swift */; };
/* End PBXBuildFile section */

/* Begin PBXContainerItemProxy section */
		4400875D1D2F973F0074372C /* PBXContainerItemProxy */ = {
			isa = PBXContainerItemProxy;
			containerPortal = 440087401D2F973E0074372C /* Project object */;
			proxyType = 1;
			remoteGlobalIDString = 440087471D2F973E0074372C;
			remoteInfo = NBToastView;
		};
		440087681D2F973F0074372C /* PBXContainerItemProxy */ = {
			isa = PBXContainerItemProxy;
			containerPortal = 440087401D2F973E0074372C /* Project object */;
			proxyType = 1;
			remoteGlobalIDString = 440087471D2F973E0074372C;
			remoteInfo = NBToastView;
		};
/* End PBXContainerItemProxy section */

/* Begin PBXFileReference section */
		440087481D2F973E0074372C /* NBToastView.app */ = {isa = PBXFileReference; explicitFileType = wrapper.application; includeInIndex = 0; path = NBToastView.app; sourceTree = BUILT_PRODUCTS_DIR; };
		4400874B1D2F973F0074372C /* AppDelegate.swift */ = {isa = PBXFileReference; lastKnownFileType = sourcecode.swift; path = AppDelegate.swift; sourceTree = "<group>"; };
		4400874D1D2F973F0074372C /* ViewController.swift */ = {isa = PBXFileReference; lastKnownFileType = sourcecode.swift; path = ViewController.swift; sourceTree = "<group>"; };
		440087501D2F973F0074372C /* Base */ = {isa = PBXFileReference; lastKnownFileType = file.storyboard; name = Base; path = Base.lproj/Main.storyboard; sourceTree = "<group>"; };
		440087521D2F973F0074372C /* Assets.xcassets */ = {isa = PBXFileReference; lastKnownFileType = folder.assetcatalog; path = Assets.xcassets; sourceTree = "<group>"; };
		440087551D2F973F0074372C /* Base */ = {isa = PBXFileReference; lastKnownFileType = file.storyboard; name = Base; path = Base.lproj/LaunchScreen.storyboard; sourceTree = "<group>"; };
		440087571D2F973F0074372C /* Info.plist */ = {isa = PBXFileReference; lastKnownFileType = text.plist.xml; path = Info.plist; sourceTree = "<group>"; };
		4400875C1D2F973F0074372C /* NBToastViewTests.xctest */ = {isa = PBXFileReference; explicitFileType = wrapper.cfbundle; includeInIndex = 0; path = NBToastViewTests.xctest; sourceTree = BUILT_PRODUCTS_DIR; };
		440087601D2F973F0074372C /* NBToastViewTests.swift */ = {isa = PBXFileReference; lastKnownFileType = sourcecode.swift; path = NBToastViewTests.swift; sourceTree = "<group>"; };
		440087621D2F973F0074372C /* Info.plist */ = {isa = PBXFileReference; lastKnownFileType = text.plist.xml; path = Info.plist; sourceTree = "<group>"; };
		440087671D2F973F0074372C /* NBToastViewUITests.xctest */ = {isa = PBXFileReference; explicitFileType = wrapper.cfbundle; includeInIndex = 0; path = NBToastViewUITests.xctest; sourceTree = BUILT_PRODUCTS_DIR; };
		4400876B1D2F973F0074372C /* NBToastViewUITests.swift */ = {isa = PBXFileReference; lastKnownFileType = sourcecode.swift; path = NBToastViewUITests.swift; sourceTree = "<group>"; };
		4400876D1D2F973F0074372C /* Info.plist */ = {isa = PBXFileReference; lastKnownFileType = text.plist.xml; path = Info.plist; sourceTree = "<group>"; };
		4400877A1D2F97630074372C /* NBToastView.swift */ = {isa = PBXFileReference; fileEncoding = 4; lastKnownFileType = sourcecode.swift; name = NBToastView.swift; path = View/NBToastView.swift; sourceTree = "<group>"; };
/* End PBXFileReference section */

/* Begin PBXFrameworksBuildPhase section */
		440087451D2F973E0074372C /* Frameworks */ = {
			isa = PBXFrameworksBuildPhase;
			buildActionMask = 2147483647;
			files = (
			);
			runOnlyForDeploymentPostprocessing = 0;
		};
		440087591D2F973F0074372C /* Frameworks */ = {
			isa = PBXFrameworksBuildPhase;
			buildActionMask = 2147483647;
			files = (
			);
			runOnlyForDeploymentPostprocessing = 0;
		};
		440087641D2F973F0074372C /* Frameworks */ = {
			isa = PBXFrameworksBuildPhase;
			buildActionMask = 2147483647;
			files = (
			);
			runOnlyForDeploymentPostprocessing = 0;
		};
/* End PBXFrameworksBuildPhase section */

/* Begin PBXGroup section */
		4400873F1D2F973E0074372C = {
			isa = PBXGroup;
			children = (
				4400874A1D2F973F0074372C /* NBToastView */,
				4400875F1D2F973F0074372C /* NBToastViewTests */,
				4400876A1D2F973F0074372C /* NBToastViewUITests */,
				440087491D2F973E0074372C /* Products */,
			);
			sourceTree = "<group>";
		};
		440087491D2F973E0074372C /* Products */ = {
			isa = PBXGroup;
			children = (
				440087481D2F973E0074372C /* NBToastView.app */,
				4400875C1D2F973F0074372C /* NBToastViewTests.xctest */,
				440087671D2F973F0074372C /* NBToastViewUITests.xctest */,
			);
			name = Products;
			sourceTree = "<group>";
		};
		4400874A1D2F973F0074372C /* NBToastView */ = {
			isa = PBXGroup;
			children = (
				440087791D2F97470074372C /* View */,
				4400874B1D2F973F0074372C /* AppDelegate.swift */,
				4400874D1D2F973F0074372C /* ViewController.swift */,
				4400874F1D2F973F0074372C /* Main.storyboard */,
				440087521D2F973F0074372C /* Assets.xcassets */,
				440087541D2F973F0074372C /* LaunchScreen.storyboard */,
				440087571D2F973F0074372C /* Info.plist */,
			);
			path = NBToastView;
			sourceTree = "<group>";
		};
		4400875F1D2F973F0074372C /* NBToastViewTests */ = {
			isa = PBXGroup;
			children = (
				440087601D2F973F0074372C /* NBToastViewTests.swift */,
				440087621D2F973F0074372C /* Info.plist */,
			);
			path = NBToastViewTests;
			sourceTree = "<group>";
		};
		4400876A1D2F973F0074372C /* NBToastViewUITests */ = {
			isa = PBXGroup;
			children = (
				4400876B1D2F973F0074372C /* NBToastViewUITests.swift */,
				4400876D1D2F973F0074372C /* Info.plist */,
			);
			path = NBToastViewUITests;
			sourceTree = "<group>";
		};
		440087791D2F97470074372C /* View */ = {
			isa = PBXGroup;
			children = (
				4400877A1D2F97630074372C /* NBToastView.swift */,
			);
			name = View;
			sourceTree = "<group>";
		};
/* End PBXGroup section */

/* Begin PBXNativeTarget section */
		440087471D2F973E0074372C /* NBToastView */ = {
			isa = PBXNativeTarget;
			buildConfigurationList = 440087701D2F973F0074372C /* Build configuration list for PBXNativeTarget "NBToastView" */;
			buildPhases = (
				440087441D2F973E0074372C /* Sources */,
				440087451D2F973E0074372C /* Frameworks */,
				440087461D2F973E0074372C /* Resources */,
			);
			buildRules = (
			);
			dependencies = (
			);
			name = NBToastView;
			productName = NBToastView;
			productReference = 440087481D2F973E0074372C /* NBToastView.app */;
			productType = "com.apple.product-type.application";
		};
		4400875B1D2F973F0074372C /* NBToastViewTests */ = {
			isa = PBXNativeTarget;
			buildConfigurationList = 440087731D2F973F0074372C /* Build configuration list for PBXNativeTarget "NBToastViewTests" */;
			buildPhases = (
				440087581D2F973F0074372C /* Sources */,
				440087591D2F973F0074372C /* Frameworks */,
				4400875A1D2F973F0074372C /* Resources */,
			);
			buildRules = (
			);
			dependencies = (
				4400875E1D2F973F0074372C /* PBXTargetDependency */,
			);
			name = NBToastViewTests;
			productName = NBToastViewTests;
			productReference = 4400875C1D2F973F0074372C /* NBToastViewTests.xctest */;
			productType = "com.apple.product-type.bundle.unit-test";
		};
		440087661D2F973F0074372C /* NBToastViewUITests */ = {
			isa = PBXNativeTarget;
			buildConfigurationList = 440087761D2F973F0074372C /* Build configuration list for PBXNativeTarget "NBToastViewUITests" */;
			buildPhases = (
				440087631D2F973F0074372C /* Sources */,
				440087641D2F973F0074372C /* Frameworks */,
				440087651D2F973F0074372C /* Resources */,
			);
			buildRules = (
			);
			dependencies = (
				440087691D2F973F0074372C /* PBXTargetDependency */,
			);
			name = NBToastViewUITests;
			productName = NBToastViewUITests;
			productReference = 440087671D2F973F0074372C /* NBToastViewUITests.xctest */;
			productType = "com.apple.product-type.bundle.ui-testing";
		};
/* End PBXNativeTarget section */

/* Begin PBXProject section */
		440087401D2F973E0074372C /* Project object */ = {
			isa = PBXProject;
			attributes = {
				LastSwiftUpdateCheck = 0730;
				LastUpgradeCheck = 0730;
				ORGANIZATIONNAME = NapoleonBai;
				TargetAttributes = {
					440087471D2F973E0074372C = {
						CreatedOnToolsVersion = 7.3;
					};
					4400875B1D2F973F0074372C = {
						CreatedOnToolsVersion = 7.3;
						TestTargetID = 440087471D2F973E0074372C;
					};
					440087661D2F973F0074372C = {
						CreatedOnToolsVersion = 7.3;
						TestTargetID = 440087471D2F973E0074372C;
					};
				};
			};
			buildConfigurationList = 440087431D2F973E0074372C /* Build configuration list for PBXProject "NBToastView" */;
			compatibilityVersion = "Xcode 3.2";
			developmentRegion = English;
			hasScannedForEncodings = 0;
			knownRegions = (
				en,
				Base,
			);
			mainGroup = 4400873F1D2F973E0074372C;
			productRefGroup = 440087491D2F973E0074372C /* Products */;
			projectDirPath = "";
			projectRoot = "";
			targets = (
				440087471D2F973E0074372C /* NBToastView */,
				4400875B1D2F973F0074372C /* NBToastViewTests */,
				440087661D2F973F0074372C /* NBToastViewUITests */,
			);
		};
/* End PBXProject section */

/* Begin PBXResourcesBuildPhase section */
		440087461D2F973E0074372C /* Resources */ = {
			isa = PBXResourcesBuildPhase;
			buildActionMask = 2147483647;
			files = (
				440087561D2F973F0074372C /* LaunchScreen.storyboard in Resources */,
				440087531D2F973F0074372C /* Assets.xcassets in Resources */,
				440087511D2F973F0074372C /* Main.storyboard in Resources */,
			);
			runOnlyForDeploymentPostprocessing = 0;
		};
		4400875A1D2F973F0074372C /* Resources */ = {
			isa = PBXResourcesBuildPhase;
			buildActionMask = 2147483647;
			files = (
			);
			runOnlyForDeploymentPostprocessing = 0;
		};
		440087651D2F973F0074372C /* Resources */ = {
			isa = PBXResourcesBuildPhase;
			buildActionMask = 2147483647;
			files = (
			);
			runOnlyForDeploymentPostprocessing = 0;
		};
/* End PBXResourcesBuildPhase section */

/* Begin PBXSourcesBuildPhase section */
		440087441D2F973E0074372C /* Sources */ = {
			isa = PBXSourcesBuildPhase;
			buildActionMask = 2147483647;
			files = (
				4400877B1D2F97630074372C /* NBToastView.swift in Sources */,
				4400874E1D2F973F0074372C /* ViewController.swift in Sources */,
				4400874C1D2F973F0074372C /* AppDelegate.swift in Sources */,
			);
			runOnlyForDeploymentPostprocessing = 0;
		};
		440087581D2F973F0074372C /* Sources */ = {
			isa = PBXSourcesBuildPhase;
			buildActionMask = 2147483647;
			files = (
				440087611D2F973F0074372C /* NBToastViewTests.swift in Sources */,
			);
			runOnlyForDeploymentPostprocessing = 0;
		};
		440087631D2F973F0074372C /* Sources */ = {
			isa = PBXSourcesBuildPhase;
			buildActionMask = 2147483647;
			files = (
				4400876C1D2F973F0074372C /* NBToastViewUITests.swift in Sources */,
			);
			runOnlyForDeploymentPostprocessing = 0;
		};
/* End PBXSourcesBuildPhase section */

/* Begin PBXTargetDependency section */
		4400875E1D2F973F0074372C /* PBXTargetDependency */ = {
			isa = PBXTargetDependency;
			target = 440087471D2F973E0074372C /* NBToastView */;
			targetProxy = 4400875D1D2F973F0074372C /* PBXContainerItemProxy */;
		};
		440087691D2F973F0074372C /* PBXTargetDependency */ = {
			isa = PBXTargetDependency;
			target = 440087471D2F973E0074372C /* NBToastView */;
			targetProxy = 440087681D2F973F0074372C /* PBXContainerItemProxy */;
		};
/* End PBXTargetDependency section */

/* Begin PBXVariantGroup section */
		4400874F1D2F973F0074372C /* Main.storyboard */ = {
			isa = PBXVariantGroup;
			children = (
				440087501D2F973F0074372C /* Base */,
			);
			name = Main.storyboard;
			sourceTree = "<group>";
		};
		440087541D2F973F0074372C /* LaunchScreen.storyboard */ = {
			isa = PBXVariantGroup;
			children = (
				440087551D2F973F0074372C /* Base */,
			);
			name = LaunchScreen.storyboard;
			sourceTree = "<group>";
		};
/* End PBXVariantGroup section */

/* Begin XCBuildConfiguration section */
		4400876E1D2F973F0074372C /* Debug */ = {
			isa = XCBuildConfiguration;
			buildSettings = {
				ALWAYS_SEARCH_USER_PATHS = NO;
				CLANG_ANALYZER_NONNULL = YES;
				CLANG_CXX_LANGUAGE_STANDARD = "gnu++0x";
				CLANG_CXX_LIBRARY = "libc++";
				CLANG_ENABLE_MODULES = YES;
				CLANG_ENABLE_OBJC_ARC = YES;
				CLANG_WARN_BOOL_CONVERSION = YES;
				CLANG_WARN_CONSTANT_CONVERSION = YES;
				CLANG_WARN_DIRECT_OBJC_ISA_USAGE = YES_ERROR;
				CLANG_WARN_EMPTY_BODY = YES;
				CLANG_WARN_ENUM_CONVERSION = YES;
				CLANG_WARN_INT_CONVERSION = YES;
				CLANG_WARN_OBJC_ROOT_CLASS = YES_ERROR;
				CLANG_WARN_UNREACHABLE_CODE = YES;
				CLANG_WARN__DUPLICATE_METHOD_MATCH = YES;
				"CODE_SIGN_IDENTITY[sdk=iphoneos*]" = "iPhone Developer";
				COPY_PHASE_STRIP = NO;
				DEBUG_INFORMATION_FORMAT = dwarf;
				ENABLE_STRICT_OBJC_MSGSEND = YES;
				ENABLE_TESTABILITY = YES;
				GCC_C_LANGUAGE_STANDARD = gnu99;
				GCC_DYNAMIC_NO_PIC = NO;
				GCC_NO_COMMON_BLOCKS = YES;
				GCC_OPTIMIZATION_LEVEL = 0;
				GCC_PREPROCESSOR_DEFINITIONS = (
					"DEBUG=1",
					"$(inherited)",
				);
				GCC_WARN_64_TO_32_BIT_CONVERSION = YES;
				GCC_WARN_ABOUT_RETURN_TYPE = YES_ERROR;
				GCC_WARN_UNDECLARED_SELECTOR = YES;
				GCC_WARN_UNINITIALIZED_AUTOS = YES_AGGRESSIVE;
				GCC_WARN_UNUSED_FUNCTION = YES;
				GCC_WARN_UNUSED_VARIABLE = YES;
				IPHONEOS_DEPLOYMENT_TARGET = 9.3;
				MTL_ENABLE_DEBUG_INFO = YES;
				ONLY_ACTIVE_ARCH = YES;
				SDKROOT = iphoneos;
				SWIFT_OPTIMIZATION_LEVEL = "-Onone";
			};
			name = Debug;
		};
		4400876F1D2F973F0074372C /* Release */ = {
			isa = XCBuildConfiguration;
			buildSettings = {
				ALWAYS_SEARCH_USER_PATHS = NO;
				CLANG_ANALYZER_NONNULL = YES;
				CLANG_CXX_LANGUAGE_STANDARD = "gnu++0x";
				CLANG_CXX_LIBRARY = "libc++";
				CLANG_ENABLE_MODULES = YES;
				CLANG_ENABLE_OBJC_ARC = YES;
				CLANG_WARN_BOOL_CONVERSION = YES;
				CLANG_WARN_CONSTANT_CONVERSION = YES;
				CLANG_WARN_DIRECT_OBJC_ISA_USAGE = YES_ERROR;
				CLANG_WARN_EMPTY_BODY = YES;
				CLANG_WARN_ENUM_CONVERSION = YES;
				CLANG_WARN_INT_CONVERSION = YES;
				CLANG_WARN_OBJC_ROOT_CLASS = YES_ERROR;
				CLANG_WARN_UNREACHABLE_CODE = YES;
				CLANG_WARN__DUPLICATE_METHOD_MATCH = YES;
				"CODE_SIGN_IDENTITY[sdk=iphoneos*]" = "iPhone Developer";
				COPY_PHASE_STRIP = NO;
				DEBUG_INFORMATION_FORMAT = "dwarf-with-dsym";
				ENABLE_NS_ASSERTIONS = NO;
				ENABLE_STRICT_OBJC_MSGSEND = YES;
				GCC_C_LANGUAGE_STANDARD = gnu99;
				GCC_NO_COMMON_BLOCKS = YES;
				GCC_WARN_64_TO_32_BIT_CONVERSION = YES;
				GCC_WARN_ABOUT_RETURN_TYPE = YES_ERROR;
				GCC_WARN_UNDECLARED_SELECTOR = YES;
				GCC_WARN_UNINITIALIZED_AUTOS = YES_AGGRESSIVE;
				GCC_WARN_UNUSED_FUNCTION = YES;
				GCC_WARN_UNUSED_VARIABLE = YES;
				IPHONEOS_DEPLOYMENT_TARGET = 9.3;
				MTL_ENABLE_DEBUG_INFO = NO;
				SDKROOT = iphoneos;
				VALIDATE_PRODUCT = YES;
			};
			name = Release;
		};
		440087711D2F973F0074372C /* Debug */ = {
			isa = XCBuildConfiguration;
			buildSettings = {
				ASSETCATALOG_COMPILER_APPICON_NAME = AppIcon;
				INFOPLIST_FILE = NBToastView/Info.plist;
				LD_RUNPATH_SEARCH_PATHS = "$(inherited) @executable_path/Frameworks";
				PRODUCT_BUNDLE_IDENTIFIER = com.napoleonbai.NBToastView;
				PRODUCT_NAME = "$(TARGET_NAME)";
			};
			name = Debug;
		};
		440087721D2F973F0074372C /* Release */ = {
			isa = XCBuildConfiguration;
			buildSettings = {
				ASSETCATALOG_COMPILER_APPICON_NAME = AppIcon;
				INFOPLIST_FILE = NBToastView/Info.plist;
				LD_RUNPATH_SEARCH_PATHS = "$(inherited) @executable_path/Frameworks";
				PRODUCT_BUNDLE_IDENTIFIER = com.napoleonbai.NBToastView;
				PRODUCT_NAME = "$(TARGET_NAME)";
			};
			name = Release;
		};
		440087741D2F973F0074372C /* Debug */ = {
			isa = XCBuildConfiguration;
			buildSettings = {
				BUNDLE_LOADER = "$(TEST_HOST)";
				INFOPLIST_FILE = NBToastViewTests/Info.plist;
				LD_RUNPATH_SEARCH_PATHS = "$(inherited) @executable_path/Frameworks @loader_path/Frameworks";
				PRODUCT_BUNDLE_IDENTIFIER = com.napoleonbai.NBToastViewTests;
				PRODUCT_NAME = "$(TARGET_NAME)";
				TEST_HOST = "$(BUILT_PRODUCTS_DIR)/NBToastView.app/NBToastView";
			};
			name = Debug;
		};
		440087751D2F973F0074372C /* Release */ = {
			isa = XCBuildConfiguration;
			buildSettings = {
				BUNDLE_LOADER = "$(TEST_HOST)";
				INFOPLIST_FILE = NBToastViewTests/Info.plist;
				LD_RUNPATH_SEARCH_PATHS = "$(inherited) @executable_path/Frameworks @loader_path/Frameworks";
				PRODUCT_BUNDLE_IDENTIFIER = com.napoleonbai.NBToastViewTests;
				PRODUCT_NAME = "$(TARGET_NAME)";
				TEST_HOST = "$(BUILT_PRODUCTS_DIR)/NBToastView.app/NBToastView";
			};
			name = Release;
		};
		440087771D2F973F0074372C /* Debug */ = {
			isa = XCBuildConfiguration;
			buildSettings = {
				INFOPLIST_FILE = NBToastViewUITests/Info.plist;
				LD_RUNPATH_SEARCH_PATHS = "$(inherited) @executable_path/Frameworks @loader_path/Frameworks";
				PRODUCT_BUNDLE_IDENTIFIER = com.napoleonbai.NBToastViewUITests;
				PRODUCT_NAME = "$(TARGET_NAME)";
				TEST_TARGET_NAME = NBToastView;
			};
			name = Debug;
		};
		440087781D2F973F0074372C /* Release */ = {
			isa = XCBuildConfiguration;
			buildSettings = {
				INFOPLIST_FILE = NBToastViewUITests/Info.plist;
				LD_RUNPATH_SEARCH_PATHS = "$(inherited) @executable_path/Frameworks @loader_path/Frameworks";
				PRODUCT_BUNDLE_IDENTIFIER = com.napoleonbai.NBToastViewUITests;
				PRODUCT_NAME = "$(TARGET_NAME)";
				TEST_TARGET_NAME = NBToastView;
			};
			name = Release;
		};
/* End XCBuildConfiguration section */

/* Begin XCConfigurationList section */
		440087431D2F973E0074372C /* Build configuration list for PBXProject "NBToastView" */ = {
			isa = XCConfigurationList;
			buildConfigurations = (
				4400876E1D2F973F0074372C /* Debug */,
				4400876F1D2F973F0074372C /* Release */,
			);
			defaultConfigurationIsVisible = 0;
			defaultConfigurationName = Release;
		};
		440087701D2F973F0074372C /* Build configuration list for PBXNativeTarget "NBToastView" */ = {
			isa = XCConfigurationList;
			buildConfigurations = (
				440087711D2F973F0074372C /* Debug */,
				440087721D2F973F0074372C /* Release */,
			);
			defaultConfigurationIsVisible = 0;
		};
		440087731D2F973F0074372C /* Build configuration list for PBXNativeTarget "NBToastViewTests" */ = {
			isa = XCConfigurationList;
			buildConfigurations = (
				440087741D2F973F0074372C /* Debug */,
				440087751D2F973F0074372C /* Release */,
			);
			defaultConfigurationIsVisible = 0;
		};
		440087761D2F973F0074372C /* Build configuration list for PBXNativeTarget "NBToastViewUITests" */ = {
			isa = XCConfigurationList;
			buildConfigurations = (
				440087771D2F973F0074372C /* Debug */,
				440087781D2F973F0074372C /* Release */,
			);
			defaultConfigurationIsVisible = 0;
		};
/* End XCConfigurationList section */
	};
	rootObject = 440087401D2F973E0074372C /* Project object */;
}
